<?xml version="1.0" encoding="utf-8"?>
<Project ToolsVersion="4.0" xmlns="http://schemas.microsoft.com/developer/msbuild/2003">
  <ItemGroup>
    <Filter Include="源文件">
      <UniqueIdentifier>{4FC737F1-C7A5-4376-A066-2A32D752A2FF}</UniqueIdentifier>
      <Extensions>cpp;c;cc;cxx;c++;cppm;ixx;def;odl;idl;hpj;bat;asm;asmx</Extensions>
    </Filter>
    <Filter Include="头文件">
      <UniqueIdentifier>{93995380-89BD-4b04-88EB-625FBE52EBFB}</UniqueIdentifier>
      <Extensions>h;hh;hpp;hxx;h++;hm;inl;inc;ipp;xsd</Extensions>
    </Filter>
    <Filter Include="资源文件">
      <UniqueIdentifier>{67DA6AB6-F800-4c08-8B7A-83BB121AAD01}</UniqueIdentifier>
      <Extensions>rc;ico;cur;bmp;dlg;rc2;rct;bin;rgs;gif;jpg;jpeg;jpe;resx;tiff;tif;png;wav;mfcribbon-ms</Extensions>
    </Filter>
  </ItemGroup>
  <ItemGroup>
    <ClCompile Include="sts.cpp">
      <Filter>源文件</Filter>
    </ClCompile>
    <ClCompile Include="clock.cpp">
      <Filter>源文件</Filter>
    </ClCompile>
    <ClCompile Include="B-clock.cpp">
      <Filter>源文件</Filter>
    </ClCompile>
    <ClCompile Include="A-木杆上的蚂蚁.cpp">
      <Filter>源文件</Filter>
    </ClCompile>
    <ClCompile Include="C-论文搜索.cpp">
      <Filter>源文件</Filter>
    </ClCompile>
    <ClCompile Include="D-Passing the Ball.cpp">
      <Filter>源文件</Filter>
    </ClCompile>
    <ClCompile Include="K-昊昊爱运动.cpp">
      <Filter>源文件</Filter>
    </ClCompile>
    <ClCompile Include="E-Little_Pro的driver朋友们和他的魔法.cpp">
      <Filter>源文件</Filter>
    </ClCompile>
    <ClCompile Include="F-8球胜负(eight).cpp">
      <Filter>源文件</Filter>
    </ClCompile>
    <ClCompile Include="M-倒推数组.cpp">
      <Filter>源文件</Filter>
    </ClCompile>
    <ClCompile Include="H-简单的数学题.cpp">
      <Filter>源文件</Filter>
    </ClCompile>
    <ClCompile Include="I-P酱的冒险旅途.cpp">
      <Filter>源文件</Filter>
    </ClCompile>
    <ClCompile Include="J-铁路.cpp">
      <Filter>源文件</Filter>
    </ClCompile>
    <ClCompile Include="L-人民币的构造.cpp">
      <Filter>源文件</Filter>
    </ClCompile>
    <ClCompile Include="N-矩阵.cpp">
      <Filter>源文件</Filter>
    </ClCompile>
    <ClCompile Include="O-Fly Through.cpp">
      <Filter>源文件</Filter>
    </ClCompile>
    <ClCompile Include="G-点球大战(penalty).cpp">
      <Filter>源文件</Filter>
    </ClCompile>
  </ItemGroup>
</Project>